
Microsoft Visual Studio Solution File, Format Version 12.00
# Visual Studio 2013
VisualStudioVersion = 12.0.21005.1
MinimumVisualStudioVersion = 10.0.40219.1
Project("{FAE04EC0-301F-11D3-BF4B-00C04F79EFBC}") = "CoffeeOrderService2", "CoffeeOrderService2\CoffeeOrderService2.csproj", "{AC383EE9-9DC1-4FDE-BD5A-60BC6D86B1C6}"
EndProject
Project("{FAE04EC0-301F-11D3-BF4B-00C04F79EFBC}") = "testCoffeeOrder", "testCoffeeOrder\testCoffeeOrder.csproj", "{21BCDD49-A264-4FD4-9382-FF1AD2300BB7}"
EndProject
Global
	GlobalSection(SolutionConfigurationPlatforms) = preSolution
		Debug|Any CPU = Debug|Any CPU
		Release|Any CPU = Release|Any CPU
	EndGlobalSection
	GlobalSection(ProjectConfigurationPlatforms) = postSolution
		{AC383EE9-9DC1-4FDE-BD5A-60BC6D86B1C6}.Debug|Any CPU.ActiveCfg = Debug|Any CPU
		{AC383EE9-9DC1-4FDE-BD5A-60BC6D86B1C6}.Debug|Any CPU.Build.0 = Debug|Any CPU
		{AC383EE9-9DC1-4FDE-BD5A-60BC6D86B1C6}.Release|Any CPU.ActiveCfg = Release|Any CPU
		{AC383EE9-9DC1-4FDE-BD5A-60BC6D86B1C6}.Release|Any CPU.Build.0 = Release|Any CPU
		{21BCDD49-A264-4FD4-9382-FF1AD2300BB7}.Debug|Any CPU.ActiveCfg = Debug|Any CPU
		{21BCDD49-A264-4FD4-9382-FF1AD2300BB7}.Debug|Any CPU.Build.0 = Debug|Any CPU
		{21BCDD49-A264-4FD4-9382-FF1AD2300BB7}.Release|Any CPU.ActiveCfg = Release|Any CPU
		{21BCDD49-A264-4FD4-9382-FF1AD2300BB7}.Release|Any CPU.Build.0 = Release|Any CPU
	EndGlobalSection
	GlobalSection(SolutionProperties) = preSolution
		HideSolutionNode = FALSE
	EndGlobalSection
EndGlobal
